
Microsoft Visual Studio Solution File, Format Version 12.00
# Visual Studio Version 17
VisualStudioVersion = 17.0.32014.148
MinimumVisualStudioVersion = 10.0.40219.1
Project("{FAE04EC0-301F-11D3-BF4B-00C04F79EFBC}") = "WindowsFormsControls", "WindowsFormsControls\WindowsFormsControls.csproj", "{EBB4AFDC-021F-4639-9DA6-FB56D976BF97}"
EndProject
Global
	GlobalSection(SolutionConfigurationPlatforms) = preSolution
		Debug|Any CPU = Debug|Any CPU
		Release|Any CPU = Release|Any CPU
	EndGlobalSection
	GlobalSection(ProjectConfigurationPlatforms) = postSolution
		{EBB4AFDC-021F-4639-9DA6-FB56D976BF97}.Debug|Any CPU.ActiveCfg = Debug|Any CPU
		{EBB4AFDC-021F-4639-9DA6-FB56D976BF97}.Debug|Any CPU.Build.0 = Debug|Any CPU
		{EBB4AFDC-021F-4639-9DA6-FB56D976BF97}.Release|Any CPU.ActiveCfg = Release|Any CPU
		{EBB4AFDC-021F-4639-9DA6-FB56D976BF97}.Release|Any CPU.Build.0 = Release|Any CPU
	EndGlobalSection
	GlobalSection(SolutionProperties) = preSolution
		HideSolutionNode = FALSE
	EndGlobalSection
	GlobalSection(ExtensibilityGlobals) = postSolution
		SolutionGuid = {727B1B73-E849-4D5F-BF96-4D274F00699E}
	EndGlobalSection
EndGlobal
